
Microsoft Visual Studio Solution File, Format Version 12.00
# Visual Studio Version 17
VisualStudioVersion = 17.0.31903.59
MinimumVisualStudioVersion = 10.0.40219.1
Project("{2150E333-8FDC-42A3-9474-1A3956D46DE8}") = "src", "src", "{827E0CD3-B72D-47B6-A68D-7590B98EB39B}"
EndProject
Project("{FAE04EC0-301F-11D3-BF4B-00C04F79EFBC}") = "Velonixs.Connect.Admin", "src\Velonixs.Connect.Admin\Velonixs.Connect.Admin.csproj", "{D1F36845-F337-4885-8DD2-24DAE0D1BA55}"
EndProject
Project("{FAE04EC0-301F-11D3-BF4B-00C04F79EFBC}") = "Velonixs.Connect.Application", "src\Velonixs.Connect.Application\Velonixs.Connect.Application.csproj", "{43D4C489-53EB-4FC0-BFDE-D252ECD370A1}"
EndProject
Project("{FAE04EC0-301F-11D3-BF4B-00C04F79EFBC}") = "Velonixs.Connect.Domain", "src\Velonixs.Connect.Domain\Velonixs.Connect.Domain.csproj", "{BC852C3E-5C7A-4FFA-9D62-CAE3736A7723}"
EndProject
Project("{FAE04EC0-301F-11D3-BF4B-00C04F79EFBC}") = "Velonixs.Connect.Infrastructure", "src\Velonixs.Connect.Infrastructure\Velonixs.Connect.Infrastructure.csproj", "{56556798-8DB4-4444-A64A-C8FDC6949FB6}"
EndProject
Project("{FAE04EC0-301F-11D3-BF4B-00C04F79EFBC}") = "Velonixs.Connect.Api", "src\Velonixs.Connect.Api\Velonixs.Connect.Api.csproj", "{A17C1C19-E25F-4CD5-8F03-D6112C4FA150}"
EndProject
Project("{FAE04EC0-301F-11D3-BF4B-00C04F79EFBC}") = "Velonixs.Connect.Portal", "src\Velonixs.Connect.Portal\Velonixs.Connect.Portal.csproj", "{C8143A6C-805B-4BFA-89B7-518CF49F4303}"
EndProject
Project("{FAE04EC0-301F-11D3-BF4B-00C04F79EFBC}") = "Velonixs.Connect.Persistence", "src\Velonixs.Connect.Persistence\Velonixs.Connect.Persistence.csproj", "{479582FD-E482-417F-A7E1-845F831F68AD}"
EndProject
Project("{FAE04EC0-301F-11D3-BF4B-00C04F79EFBC}") = "Velonixs.Connect.Shared", "src\Velonixs.Connect.Shared\Velonixs.Connect.Shared.csproj", "{A74C9BD9-2694-4604-9272-BB9ADC754078}"
EndProject
Project("{FAE04EC0-301F-11D3-BF4B-00C04F79EFBC}") = "Velonixs.Connect.Infrastructure.Tests", "tests\Velonixs.Connect.Infrastructure.Tests\Velonixs.Connect.Infrastructure.Tests.csproj", "{F2C83B71-96F3-4FB6-A7C6-DA7C1469DF51}"
EndProject
Global
	GlobalSection(SolutionConfigurationPlatforms) = preSolution
		Debug|Any CPU = Debug|Any CPU
		Debug|x64 = Debug|x64
		Debug|x86 = Debug|x86
		Release|Any CPU = Release|Any CPU
		Release|x64 = Release|x64
		Release|x86 = Release|x86
	EndGlobalSection
	GlobalSection(ProjectConfigurationPlatforms) = postSolution
		{D1F36845-F337-4885-8DD2-24DAE0D1BA55}.Debug|Any CPU.ActiveCfg = Debug|Any CPU
		{D1F36845-F337-4885-8DD2-24DAE0D1BA55}.Debug|Any CPU.Build.0 = Debug|Any CPU
		{D1F36845-F337-4885-8DD2-24DAE0D1BA55}.Debug|x64.ActiveCfg = Debug|Any CPU
		{D1F36845-F337-4885-8DD2-24DAE0D1BA55}.Debug|x64.Build.0 = Debug|Any CPU
		{D1F36845-F337-4885-8DD2-24DAE0D1BA55}.Debug|x86.ActiveCfg = Debug|Any CPU
		{D1F36845-F337-4885-8DD2-24DAE0D1BA55}.Debug|x86.Build.0 = Debug|Any CPU
		{D1F36845-F337-4885-8DD2-24DAE0D1BA55}.Release|Any CPU.ActiveCfg = Release|Any CPU
		{D1F36845-F337-4885-8DD2-24DAE0D1BA55}.Release|Any CPU.Build.0 = Release|Any CPU
		{D1F36845-F337-4885-8DD2-24DAE0D1BA55}.Release|x64.ActiveCfg = Release|Any CPU
		{D1F36845-F337-4885-8DD2-24DAE0D1BA55}.Release|x64.Build.0 = Release|Any CPU
		{D1F36845-F337-4885-8DD2-24DAE0D1BA55}.Release|x86.ActiveCfg = Release|Any CPU
		{D1F36845-F337-4885-8DD2-24DAE0D1BA55}.Release|x86.Build.0 = Release|Any CPU
		{43D4C489-53EB-4FC0-BFDE-D252ECD370A1}.Debug|Any CPU.ActiveCfg = Debug|Any CPU
		{43D4C489-53EB-4FC0-BFDE-D252ECD370A1}.Debug|Any CPU.Build.0 = Debug|Any CPU
		{43D4C489-53EB-4FC0-BFDE-D252ECD370A1}.Debug|x64.ActiveCfg = Debug|Any CPU
		{43D4C489-53EB-4FC0-BFDE-D252ECD370A1}.Debug|x64.Build.0 = Debug|Any CPU
		{43D4C489-53EB-4FC0-BFDE-D252ECD370A1}.Debug|x86.ActiveCfg = Debug|Any CPU
		{43D4C489-53EB-4FC0-BFDE-D252ECD370A1}.Debug|x86.Build.0 = Debug|Any CPU
		{43D4C489-53EB-4FC0-BFDE-D252ECD370A1}.Release|Any CPU.ActiveCfg = Release|Any CPU
		{43D4C489-53EB-4FC0-BFDE-D252ECD370A1}.Release|Any CPU.Build.0 = Release|Any CPU
		{43D4C489-53EB-4FC0-BFDE-D252ECD370A1}.Release|x64.ActiveCfg = Release|Any CPU
		{43D4C489-53EB-4FC0-BFDE-D252ECD370A1}.Release|x64.Build.0 = Release|Any CPU
		{43D4C489-53EB-4FC0-BFDE-D252ECD370A1}.Release|x86.ActiveCfg = Release|Any CPU
		{43D4C489-53EB-4FC0-BFDE-D252ECD370A1}.Release|x86.Build.0 = Release|Any CPU
		{BC852C3E-5C7A-4FFA-9D62-CAE3736A7723}.Debug|Any CPU.ActiveCfg = Debug|Any CPU
		{BC852C3E-5C7A-4FFA-9D62-CAE3736A7723}.Debug|Any CPU.Build.0 = Debug|Any CPU
		{BC852C3E-5C7A-4FFA-9D62-CAE3736A7723}.Debug|x64.ActiveCfg = Debug|Any CPU
		{BC852C3E-5C7A-4FFA-9D62-CAE3736A7723}.Debug|x64.Build.0 = Debug|Any CPU
		{BC852C3E-5C7A-4FFA-9D62-CAE3736A7723}.Debug|x86.ActiveCfg = Debug|Any CPU
		{BC852C3E-5C7A-4FFA-9D62-CAE3736A7723}.Debug|x86.Build.0 = Debug|Any CPU
		{BC852C3E-5C7A-4FFA-9D62-CAE3736A7723}.Release|Any CPU.ActiveCfg = Release|Any CPU
		{BC852C3E-5C7A-4FFA-9D62-CAE3736A7723}.Release|Any CPU.Build.0 = Release|Any CPU
		{BC852C3E-5C7A-4FFA-9D62-CAE3736A7723}.Release|x64.ActiveCfg = Release|Any CPU
		{BC852C3E-5C7A-4FFA-9D62-CAE3736A7723}.Release|x64.Build.0 = Release|Any CPU
		{BC852C3E-5C7A-4FFA-9D62-CAE3736A7723}.Release|x86.ActiveCfg = Release|Any CPU
		{BC852C3E-5C7A-4FFA-9D62-CAE3736A7723}.Release|x86.Build.0 = Release|Any CPU
		{56556798-8DB4-4444-A64A-C8FDC6949FB6}.Debug|Any CPU.ActiveCfg = Debug|Any CPU
		{56556798-8DB4-4444-A64A-C8FDC6949FB6}.Debug|Any CPU.Build.0 = Debug|Any CPU
		{56556798-8DB4-4444-A64A-C8FDC6949FB6}.Debug|x64.ActiveCfg = Debug|Any CPU
		{56556798-8DB4-4444-A64A-C8FDC6949FB6}.Debug|x64.Build.0 = Debug|Any CPU
		{56556798-8DB4-4444-A64A-C8FDC6949FB6}.Debug|x86.ActiveCfg = Debug|Any CPU
		{56556798-8DB4-4444-A64A-C8FDC6949FB6}.Debug|x86.Build.0 = Debug|Any CPU
		{56556798-8DB4-4444-A64A-C8FDC6949FB6}.Release|Any CPU.ActiveCfg = Release|Any CPU
		{56556798-8DB4-4444-A64A-C8FDC6949FB6}.Release|Any CPU.Build.0 = Release|Any CPU
		{56556798-8DB4-4444-A64A-C8FDC6949FB6}.Release|x64.ActiveCfg = Release|Any CPU
		{56556798-8DB4-4444-A64A-C8FDC6949FB6}.Release|x64.Build.0 = Release|Any CPU
		{56556798-8DB4-4444-A64A-C8FDC6949FB6}.Release|x86.ActiveCfg = Release|Any CPU
		{56556798-8DB4-4444-A64A-C8FDC6949FB6}.Release|x86.Build.0 = Release|Any CPU
		{A17C1C19-E25F-4CD5-8F03-D6112C4FA150}.Debug|Any CPU.ActiveCfg = Debug|Any CPU
		{A17C1C19-E25F-4CD5-8F03-D6112C4FA150}.Debug|Any CPU.Build.0 = Debug|Any CPU
		{A17C1C19-E25F-4CD5-8F03-D6112C4FA150}.Debug|x64.ActiveCfg = Debug|Any CPU
		{A17C1C19-E25F-4CD5-8F03-D6112C4FA150}.Debug|x64.Build.0 = Debug|Any CPU
		{A17C1C19-E25F-4CD5-8F03-D6112C4FA150}.Debug|x86.ActiveCfg = Debug|Any CPU
		{A17C1C19-E25F-4CD5-8F03-D6112C4FA150}.Debug|x86.Build.0 = Debug|Any CPU
		{A17C1C19-E25F-4CD5-8F03-D6112C4FA150}.Release|Any CPU.ActiveCfg = Release|Any CPU
		{A17C1C19-E25F-4CD5-8F03-D6112C4FA150}.Release|Any CPU.Build.0 = Release|Any CPU
		{A17C1C19-E25F-4CD5-8F03-D6112C4FA150}.Release|x64.ActiveCfg = Release|Any CPU
		{A17C1C19-E25F-4CD5-8F03-D6112C4FA150}.Release|x64.Build.0 = Release|Any CPU
		{A17C1C19-E25F-4CD5-8F03-D6112C4FA150}.Release|x86.ActiveCfg = Release|Any CPU
		{A17C1C19-E25F-4CD5-8F03-D6112C4FA150}.Release|x86.Build.0 = Release|Any CPU
		{C8143A6C-805B-4BFA-89B7-518CF49F4303}.Debug|Any CPU.ActiveCfg = Debug|Any CPU
		{C8143A6C-805B-4BFA-89B7-518CF49F4303}.Debug|Any CPU.Build.0 = Debug|Any CPU
		{C8143A6C-805B-4BFA-89B7-518CF49F4303}.Debug|x64.ActiveCfg = Debug|Any CPU
		{C8143A6C-805B-4BFA-89B7-518CF49F4303}.Debug|x64.Build.0 = Debug|Any CPU
		{C8143A6C-805B-4BFA-89B7-518CF49F4303}.Debug|x86.ActiveCfg = Debug|Any CPU
		{C8143A6C-805B-4BFA-89B7-518CF49F4303}.Debug|x86.Build.0 = Debug|Any CPU
		{C8143A6C-805B-4BFA-89B7-518CF49F4303}.Release|Any CPU.ActiveCfg = Release|Any CPU
		{C8143A6C-805B-4BFA-89B7-518CF49F4303}.Release|Any CPU.Build.0 = Release|Any CPU
		{C8143A6C-805B-4BFA-89B7-518CF49F4303}.Release|x64.ActiveCfg = Release|Any CPU
		{C8143A6C-805B-4BFA-89B7-518CF49F4303}.Release|x64.Build.0 = Release|Any CPU
		{C8143A6C-805B-4BFA-89B7-518CF49F4303}.Release|x86.ActiveCfg = Release|Any CPU
		{C8143A6C-805B-4BFA-89B7-518CF49F4303}.Release|x86.Build.0 = Release|Any CPU
		{479582FD-E482-417F-A7E1-845F831F68AD}.Debug|Any CPU.ActiveCfg = Debug|Any CPU
		{479582FD-E482-417F-A7E1-845F831F68AD}.Debug|Any CPU.Build.0 = Debug|Any CPU
		{479582FD-E482-417F-A7E1-845F831F68AD}.Debug|x64.ActiveCfg = Debug|Any CPU
		{479582FD-E482-417F-A7E1-845F831F68AD}.Debug|x64.Build.0 = Debug|Any CPU
		{479582FD-E482-417F-A7E1-845F831F68AD}.Debug|x86.ActiveCfg = Debug|Any CPU
		{479582FD-E482-417F-A7E1-845F831F68AD}.Debug|x86.Build.0 = Debug|Any CPU
		{479582FD-E482-417F-A7E1-845F831F68AD}.Release|Any CPU.ActiveCfg = Release|Any CPU
		{479582FD-E482-417F-A7E1-845F831F68AD}.Release|Any CPU.Build.0 = Release|Any CPU
		{479582FD-E482-417F-A7E1-845F831F68AD}.Release|x64.ActiveCfg = Release|Any CPU
		{479582FD-E482-417F-A7E1-845F831F68AD}.Release|x64.Build.0 = Release|Any CPU
		{479582FD-E482-417F-A7E1-845F831F68AD}.Release|x86.ActiveCfg = Release|Any CPU
		{479582FD-E482-417F-A7E1-845F831F68AD}.Release|x86.Build.0 = Release|Any CPU
		{A74C9BD9-2694-4604-9272-BB9ADC754078}.Debug|Any CPU.ActiveCfg = Debug|Any CPU
		{A74C9BD9-2694-4604-9272-BB9ADC754078}.Debug|Any CPU.Build.0 = Debug|Any CPU
		{A74C9BD9-2694-4604-9272-BB9ADC754078}.Debug|x64.ActiveCfg = Debug|Any CPU
		{A74C9BD9-2694-4604-9272-BB9ADC754078}.Debug|x64.Build.0 = Debug|Any CPU
		{A74C9BD9-2694-4604-9272-BB9ADC754078}.Debug|x86.ActiveCfg = Debug|Any CPU
		{A74C9BD9-2694-4604-9272-BB9ADC754078}.Debug|x86.Build.0 = Debug|Any CPU
		{A74C9BD9-2694-4604-9272-BB9ADC754078}.Release|Any CPU.ActiveCfg = Release|Any CPU
		{A74C9BD9-2694-4604-9272-BB9ADC754078}.Release|Any CPU.Build.0 = Release|Any CPU
		{A74C9BD9-2694-4604-9272-BB9ADC754078}.Release|x64.ActiveCfg = Release|Any CPU
		{A74C9BD9-2694-4604-9272-BB9ADC754078}.Release|x64.Build.0 = Release|Any CPU
		{A74C9BD9-2694-4604-9272-BB9ADC754078}.Release|x86.ActiveCfg = Release|Any CPU
		{A74C9BD9-2694-4604-9272-BB9ADC754078}.Release|x86.Build.0 = Release|Any CPU
		{F2C83B71-96F3-4FB6-A7C6-DA7C1469DF51}.Debug|Any CPU.ActiveCfg = Debug|Any CPU
		{F2C83B71-96F3-4FB6-A7C6-DA7C1469DF51}.Debug|Any CPU.Build.0 = Debug|Any CPU
		{F2C83B71-96F3-4FB6-A7C6-DA7C1469DF51}.Debug|x64.ActiveCfg = Debug|Any CPU
		{F2C83B71-96F3-4FB6-A7C6-DA7C1469DF51}.Debug|x64.Build.0 = Debug|Any CPU
		{F2C83B71-96F3-4FB6-A7C6-DA7C1469DF51}.Debug|x86.ActiveCfg = Debug|Any CPU
		{F2C83B71-96F3-4FB6-A7C6-DA7C1469DF51}.Debug|x86.Build.0 = Debug|Any CPU
		{F2C83B71-96F3-4FB6-A7C6-DA7C1469DF51}.Release|Any CPU.ActiveCfg = Release|Any CPU
		{F2C83B71-96F3-4FB6-A7C6-DA7C1469DF51}.Release|Any CPU.Build.0 = Release|Any CPU
		{F2C83B71-96F3-4FB6-A7C6-DA7C1469DF51}.Release|x64.ActiveCfg = Release|Any CPU
		{F2C83B71-96F3-4FB6-A7C6-DA7C1469DF51}.Release|x64.Build.0 = Release|Any CPU
		{F2C83B71-96F3-4FB6-A7C6-DA7C1469DF51}.Release|x86.ActiveCfg = Release|Any CPU
		{F2C83B71-96F3-4FB6-A7C6-DA7C1469DF51}.Release|x86.Build.0 = Release|Any CPU
	EndGlobalSection
	GlobalSection(SolutionProperties) = preSolution
		HideSolutionNode = FALSE
	EndGlobalSection
	GlobalSection(NestedProjects) = preSolution
		{D1F36845-F337-4885-8DD2-24DAE0D1BA55} = {827E0CD3-B72D-47B6-A68D-7590B98EB39B}
		{43D4C489-53EB-4FC0-BFDE-D252ECD370A1} = {827E0CD3-B72D-47B6-A68D-7590B98EB39B}
		{BC852C3E-5C7A-4FFA-9D62-CAE3736A7723} = {827E0CD3-B72D-47B6-A68D-7590B98EB39B}
		{56556798-8DB4-4444-A64A-C8FDC6949FB6} = {827E0CD3-B72D-47B6-A68D-7590B98EB39B}
		{A17C1C19-E25F-4CD5-8F03-D6112C4FA150} = {827E0CD3-B72D-47B6-A68D-7590B98EB39B}
		{C8143A6C-805B-4BFA-89B7-518CF49F4303} = {827E0CD3-B72D-47B6-A68D-7590B98EB39B}
		{479582FD-E482-417F-A7E1-845F831F68AD} = {827E0CD3-B72D-47B6-A68D-7590B98EB39B}
		{A74C9BD9-2694-4604-9272-BB9ADC754078} = {827E0CD3-B72D-47B6-A68D-7590B98EB39B}
		{F2C83B71-96F3-4FB6-A7C6-DA7C1469DF51} = {827E0CD3-B72D-47B6-A68D-7590B98EB39B}
	EndGlobalSection
EndGlobal
